
Microsoft Visual Studio Solution File, Format Version 12.00
# Visual Studio Version 16
VisualStudioVersion = 16.0.31205.134
MinimumVisualStudioVersion = 10.0.40219.1
Project("{FAE04EC0-301F-11D3-BF4B-00C04F79EFBC}") = "SignalR", "SignalR.csproj", "{3C234C30-AE15-4DE3-85D5-DF21DB807BED}"
EndProject
Global
	GlobalSection(SolutionConfigurationPlatforms) = preSolution
		Debug|Any CPU = Debug|Any CPU
		Release|Any CPU = Release|Any CPU
	EndGlobalSection
	GlobalSection(ProjectConfigurationPlatforms) = postSolution
		{3C234C30-AE15-4DE3-85D5-DF21DB807BED}.Debug|Any CPU.ActiveCfg = Debug|Any CPU
		{3C234C30-AE15-4DE3-85D5-DF21DB807BED}.Debug|Any CPU.Build.0 = Debug|Any CPU
		{3C234C30-AE15-4DE3-85D5-DF21DB807BED}.Release|Any CPU.ActiveCfg = Release|Any CPU
		{3C234C30-AE15-4DE3-85D5-DF21DB807BED}.Release|Any CPU.Build.0 = Release|Any CPU
	EndGlobalSection
	GlobalSection(SolutionProperties) = preSolution
		HideSolutionNode = FALSE
	EndGlobalSection
	GlobalSection(ExtensibilityGlobals) = postSolution
		SolutionGuid = {6782A4F0-02E2-4F36-BDA0-5D828283C1EF}
	EndGlobalSection
EndGlobal
